
Microsoft Visual Studio Solution File, Format Version 12.00
# Visual Studio 2013
VisualStudioVersion = 12.0.31101.0
MinimumVisualStudioVersion = 10.0.40219.1
Project("{FAE04EC0-301F-11D3-BF4B-00C04F79EFBC}") = "CmisSync", "CmisSync\CmisSync.csproj", "{90326D41-2362-4AFC-BF18-50F6DDBE2EDD}"
EndProject
Project("{FAE04EC0-301F-11D3-BF4B-00C04F79EFBC}") = "CmisSync.Lib", "CmisSync.Lib\CmisSync.Lib.csproj", "{B4516837-A333-4C0F-8A2A-51007E638AA3}"
EndProject
Project("{FAE04EC0-301F-11D3-BF4B-00C04F79EFBC}") = "DotCMIS", "Extras\OpenDataSpaceDotCMIS\DotCMIS\DotCMIS.csproj", "{529EF90F-A34C-4426-A4F9-65113AC23841}"
EndProject
Project("{FAE04EC0-301F-11D3-BF4B-00C04F79EFBC}") = "ExtendedWindowsControls", "Extras\ExtendedWindowsControls\ExtendedWindowsControls.csproj", "{EF9D9A9B-C739-4606-B1EF-4F662DCF5EF9}"
EndProject
Project("{FAE04EC0-301F-11D3-BF4B-00C04F79EFBC}") = "WPFGrowlNotification", "Extras\WPFGrowlNotification\WPFGrowlNotification\WPFGrowlNotification.csproj", "{6995ABFD-720F-41E7-BE8B-38F23BA4BB57}"
EndProject
Project("{930C7802-8A8C-48F9-8165-68863BCCD9DD}") = "Installer", "Installer\Installer.wixproj", "{94B8682A-DAB7-45A5-B3E7-339812DCC1DE}"
EndProject
Project("{930C7802-8A8C-48F9-8165-68863BCCD9DD}") = "InstallerBootstrapper", "InstallerBootstrapper\InstallerBootstrapper.wixproj", "{419109DB-39AB-4A87-9224-3A79277EEDA1}"
EndProject
Global
	GlobalSection(SolutionConfigurationPlatforms) = preSolution
		Debug|Any CPU = Debug|Any CPU
		Debug|ia64 = Debug|ia64
		Debug|Mixed Platforms = Debug|Mixed Platforms
		Debug|x64 = Debug|x64
		Debug|x86 = Debug|x86
		Publish|Any CPU = Publish|Any CPU
		Publish|ia64 = Publish|ia64
		Publish|Mixed Platforms = Publish|Mixed Platforms
		Publish|x64 = Publish|x64
		Publish|x86 = Publish|x86
		Release|Any CPU = Release|Any CPU
		Release|ia64 = Release|ia64
		Release|Mixed Platforms = Release|Mixed Platforms
		Release|x64 = Release|x64
		Release|x86 = Release|x86
	EndGlobalSection
	GlobalSection(ProjectConfigurationPlatforms) = postSolution
		{90326D41-2362-4AFC-BF18-50F6DDBE2EDD}.Debug|Any CPU.ActiveCfg = Debug|Any CPU
		{90326D41-2362-4AFC-BF18-50F6DDBE2EDD}.Debug|Any CPU.Build.0 = Debug|Any CPU
		{90326D41-2362-4AFC-BF18-50F6DDBE2EDD}.Debug|ia64.ActiveCfg = Debug|Any CPU
		{90326D41-2362-4AFC-BF18-50F6DDBE2EDD}.Debug|Mixed Platforms.ActiveCfg = Debug|x86
		{90326D41-2362-4AFC-BF18-50F6DDBE2EDD}.Debug|Mixed Platforms.Build.0 = Debug|x86
		{90326D41-2362-4AFC-BF18-50F6DDBE2EDD}.Debug|x64.ActiveCfg = Debug|x64
		{90326D41-2362-4AFC-BF18-50F6DDBE2EDD}.Debug|x64.Build.0 = Debug|x64
		{90326D41-2362-4AFC-BF18-50F6DDBE2EDD}.Debug|x86.ActiveCfg = Debug|x86
		{90326D41-2362-4AFC-BF18-50F6DDBE2EDD}.Debug|x86.Build.0 = Debug|x86
		{90326D41-2362-4AFC-BF18-50F6DDBE2EDD}.Publish|Any CPU.ActiveCfg = Release|Any CPU
		{90326D41-2362-4AFC-BF18-50F6DDBE2EDD}.Publish|Any CPU.Build.0 = Release|Any CPU
		{90326D41-2362-4AFC-BF18-50F6DDBE2EDD}.Publish|ia64.ActiveCfg = Release|Any CPU
		{90326D41-2362-4AFC-BF18-50F6DDBE2EDD}.Publish|Mixed Platforms.ActiveCfg = Release|x86
		{90326D41-2362-4AFC-BF18-50F6DDBE2EDD}.Publish|Mixed Platforms.Build.0 = Release|x86
		{90326D41-2362-4AFC-BF18-50F6DDBE2EDD}.Publish|x64.ActiveCfg = Release|x64
		{90326D41-2362-4AFC-BF18-50F6DDBE2EDD}.Publish|x64.Build.0 = Release|x64
		{90326D41-2362-4AFC-BF18-50F6DDBE2EDD}.Publish|x86.ActiveCfg = Release|x86
		{90326D41-2362-4AFC-BF18-50F6DDBE2EDD}.Publish|x86.Build.0 = Release|x86
		{90326D41-2362-4AFC-BF18-50F6DDBE2EDD}.Release|Any CPU.ActiveCfg = Release|Any CPU
		{90326D41-2362-4AFC-BF18-50F6DDBE2EDD}.Release|Any CPU.Build.0 = Release|Any CPU
		{90326D41-2362-4AFC-BF18-50F6DDBE2EDD}.Release|ia64.ActiveCfg = Release|Any CPU
		{90326D41-2362-4AFC-BF18-50F6DDBE2EDD}.Release|Mixed Platforms.ActiveCfg = Release|x86
		{90326D41-2362-4AFC-BF18-50F6DDBE2EDD}.Release|Mixed Platforms.Build.0 = Release|x86
		{90326D41-2362-4AFC-BF18-50F6DDBE2EDD}.Release|x64.ActiveCfg = Release|x64
		{90326D41-2362-4AFC-BF18-50F6DDBE2EDD}.Release|x64.Build.0 = Release|x64
		{90326D41-2362-4AFC-BF18-50F6DDBE2EDD}.Release|x86.ActiveCfg = Release|x86
		{90326D41-2362-4AFC-BF18-50F6DDBE2EDD}.Release|x86.Build.0 = Release|x86
		{B4516837-A333-4C0F-8A2A-51007E638AA3}.Debug|Any CPU.ActiveCfg = Debug|Any CPU
		{B4516837-A333-4C0F-8A2A-51007E638AA3}.Debug|Any CPU.Build.0 = Debug|Any CPU
		{B4516837-A333-4C0F-8A2A-51007E638AA3}.Debug|ia64.ActiveCfg = Debug|Any CPU
		{B4516837-A333-4C0F-8A2A-51007E638AA3}.Debug|Mixed Platforms.ActiveCfg = Debug|Any CPU
		{B4516837-A333-4C0F-8A2A-51007E638AA3}.Debug|Mixed Platforms.Build.0 = Debug|Any CPU
		{B4516837-A333-4C0F-8A2A-51007E638AA3}.Debug|x64.ActiveCfg = Debug|Any CPU
		{B4516837-A333-4C0F-8A2A-51007E638AA3}.Debug|x86.ActiveCfg = Debug|Any CPU
		{B4516837-A333-4C0F-8A2A-51007E638AA3}.Publish|Any CPU.ActiveCfg = Release|Any CPU
		{B4516837-A333-4C0F-8A2A-51007E638AA3}.Publish|Any CPU.Build.0 = Release|Any CPU
		{B4516837-A333-4C0F-8A2A-51007E638AA3}.Publish|ia64.ActiveCfg = Release|Any CPU
		{B4516837-A333-4C0F-8A2A-51007E638AA3}.Publish|Mixed Platforms.ActiveCfg = Release|Any CPU
		{B4516837-A333-4C0F-8A2A-51007E638AA3}.Publish|Mixed Platforms.Build.0 = Release|Any CPU
		{B4516837-A333-4C0F-8A2A-51007E638AA3}.Publish|x64.ActiveCfg = Release|Any CPU
		{B4516837-A333-4C0F-8A2A-51007E638AA3}.Publish|x86.ActiveCfg = Release|Any CPU
		{B4516837-A333-4C0F-8A2A-51007E638AA3}.Release|Any CPU.ActiveCfg = Release|Any CPU
		{B4516837-A333-4C0F-8A2A-51007E638AA3}.Release|Any CPU.Build.0 = Release|Any CPU
		{B4516837-A333-4C0F-8A2A-51007E638AA3}.Release|ia64.ActiveCfg = Release|Any CPU
		{B4516837-A333-4C0F-8A2A-51007E638AA3}.Release|Mixed Platforms.ActiveCfg = Release|Any CPU
		{B4516837-A333-4C0F-8A2A-51007E638AA3}.Release|Mixed Platforms.Build.0 = Release|Any CPU
		{B4516837-A333-4C0F-8A2A-51007E638AA3}.Release|x64.ActiveCfg = Release|Any CPU
		{B4516837-A333-4C0F-8A2A-51007E638AA3}.Release|x86.ActiveCfg = Release|Any CPU
		{529EF90F-A34C-4426-A4F9-65113AC23841}.Debug|Any CPU.ActiveCfg = Debug|Any CPU
		{529EF90F-A34C-4426-A4F9-65113AC23841}.Debug|Any CPU.Build.0 = Debug|Any CPU
		{529EF90F-A34C-4426-A4F9-65113AC23841}.Debug|ia64.ActiveCfg = Debug|Any CPU
		{529EF90F-A34C-4426-A4F9-65113AC23841}.Debug|Mixed Platforms.ActiveCfg = Debug|Any CPU
		{529EF90F-A34C-4426-A4F9-65113AC23841}.Debug|Mixed Platforms.Build.0 = Debug|Any CPU
		{529EF90F-A34C-4426-A4F9-65113AC23841}.Debug|x64.ActiveCfg = Debug|Any CPU
		{529EF90F-A34C-4426-A4F9-65113AC23841}.Debug|x86.ActiveCfg = Debug|Any CPU
		{529EF90F-A34C-4426-A4F9-65113AC23841}.Publish|Any CPU.ActiveCfg = Release|Any CPU
		{529EF90F-A34C-4426-A4F9-65113AC23841}.Publish|Any CPU.Build.0 = Release|Any CPU
		{529EF90F-A34C-4426-A4F9-65113AC23841}.Publish|ia64.ActiveCfg = Release|Any CPU
		{529EF90F-A34C-4426-A4F9-65113AC23841}.Publish|Mixed Platforms.ActiveCfg = Release|Any CPU
		{529EF90F-A34C-4426-A4F9-65113AC23841}.Publish|Mixed Platforms.Build.0 = Release|Any CPU
		{529EF90F-A34C-4426-A4F9-65113AC23841}.Publish|x64.ActiveCfg = Release|Any CPU
		{529EF90F-A34C-4426-A4F9-65113AC23841}.Publish|x86.ActiveCfg = Release|Any CPU
		{529EF90F-A34C-4426-A4F9-65113AC23841}.Release|Any CPU.ActiveCfg = Release|Any CPU
		{529EF90F-A34C-4426-A4F9-65113AC23841}.Release|Any CPU.Build.0 = Release|Any CPU
		{529EF90F-A34C-4426-A4F9-65113AC23841}.Release|ia64.ActiveCfg = Release|Any CPU
		{529EF90F-A34C-4426-A4F9-65113AC23841}.Release|Mixed Platforms.ActiveCfg = Release|Any CPU
		{529EF90F-A34C-4426-A4F9-65113AC23841}.Release|Mixed Platforms.Build.0 = Release|Any CPU
		{529EF90F-A34C-4426-A4F9-65113AC23841}.Release|x64.ActiveCfg = Release|Any CPU
		{529EF90F-A34C-4426-A4F9-65113AC23841}.Release|x86.ActiveCfg = Release|Any CPU
		{EF9D9A9B-C739-4606-B1EF-4F662DCF5EF9}.Debug|Any CPU.ActiveCfg = Debug|Any CPU
		{EF9D9A9B-C739-4606-B1EF-4F662DCF5EF9}.Debug|Any CPU.Build.0 = Debug|Any CPU
		{EF9D9A9B-C739-4606-B1EF-4F662DCF5EF9}.Debug|ia64.ActiveCfg = Debug|Any CPU
		{EF9D9A9B-C739-4606-B1EF-4F662DCF5EF9}.Debug|Mixed Platforms.ActiveCfg = Debug|Any CPU
		{EF9D9A9B-C739-4606-B1EF-4F662DCF5EF9}.Debug|Mixed Platforms.Build.0 = Debug|Any CPU
		{EF9D9A9B-C739-4606-B1EF-4F662DCF5EF9}.Debug|x64.ActiveCfg = Debug|Any CPU
		{EF9D9A9B-C739-4606-B1EF-4F662DCF5EF9}.Debug|x86.ActiveCfg = Debug|Any CPU
		{EF9D9A9B-C739-4606-B1EF-4F662DCF5EF9}.Publish|Any CPU.ActiveCfg = Release|Any CPU
		{EF9D9A9B-C739-4606-B1EF-4F662DCF5EF9}.Publish|Any CPU.Build.0 = Release|Any CPU
		{EF9D9A9B-C739-4606-B1EF-4F662DCF5EF9}.Publish|ia64.ActiveCfg = Release|Any CPU
		{EF9D9A9B-C739-4606-B1EF-4F662DCF5EF9}.Publish|Mixed Platforms.ActiveCfg = Release|Any CPU
		{EF9D9A9B-C739-4606-B1EF-4F662DCF5EF9}.Publish|Mixed Platforms.Build.0 = Release|Any CPU
		{EF9D9A9B-C739-4606-B1EF-4F662DCF5EF9}.Publish|x64.ActiveCfg = Release|Any CPU
		{EF9D9A9B-C739-4606-B1EF-4F662DCF5EF9}.Publish|x86.ActiveCfg = Release|Any CPU
		{EF9D9A9B-C739-4606-B1EF-4F662DCF5EF9}.Release|Any CPU.ActiveCfg = Release|Any CPU
		{EF9D9A9B-C739-4606-B1EF-4F662DCF5EF9}.Release|Any CPU.Build.0 = Release|Any CPU
		{EF9D9A9B-C739-4606-B1EF-4F662DCF5EF9}.Release|ia64.ActiveCfg = Release|Any CPU
		{EF9D9A9B-C739-4606-B1EF-4F662DCF5EF9}.Release|Mixed Platforms.ActiveCfg = Release|Any CPU
		{EF9D9A9B-C739-4606-B1EF-4F662DCF5EF9}.Release|Mixed Platforms.Build.0 = Release|Any CPU
		{EF9D9A9B-C739-4606-B1EF-4F662DCF5EF9}.Release|x64.ActiveCfg = Release|Any CPU
		{EF9D9A9B-C739-4606-B1EF-4F662DCF5EF9}.Release|x86.ActiveCfg = Release|Any CPU
		{6995ABFD-720F-41E7-BE8B-38F23BA4BB57}.Debug|Any CPU.ActiveCfg = Debug|Any CPU
		{6995ABFD-720F-41E7-BE8B-38F23BA4BB57}.Debug|Any CPU.Build.0 = Debug|Any CPU
		{6995ABFD-720F-41E7-BE8B-38F23BA4BB57}.Debug|ia64.ActiveCfg = Debug|Any CPU
		{6995ABFD-720F-41E7-BE8B-38F23BA4BB57}.Debug|Mixed Platforms.ActiveCfg = Debug|Any CPU
		{6995ABFD-720F-41E7-BE8B-38F23BA4BB57}.Debug|Mixed Platforms.Build.0 = Debug|Any CPU
		{6995ABFD-720F-41E7-BE8B-38F23BA4BB57}.Debug|x64.ActiveCfg = Debug|Any CPU
		{6995ABFD-720F-41E7-BE8B-38F23BA4BB57}.Debug|x86.ActiveCfg = Debug|Any CPU
		{6995ABFD-720F-41E7-BE8B-38F23BA4BB57}.Publish|Any CPU.ActiveCfg = Release|Any CPU
		{6995ABFD-720F-41E7-BE8B-38F23BA4BB57}.Publish|Any CPU.Build.0 = Release|Any CPU
		{6995ABFD-720F-41E7-BE8B-38F23BA4BB57}.Publish|ia64.ActiveCfg = Release|Any CPU
		{6995ABFD-720F-41E7-BE8B-38F23BA4BB57}.Publish|Mixed Platforms.ActiveCfg = Release|Any CPU
		{6995ABFD-720F-41E7-BE8B-38F23BA4BB57}.Publish|Mixed Platforms.Build.0 = Release|Any CPU
		{6995ABFD-720F-41E7-BE8B-38F23BA4BB57}.Publish|x64.ActiveCfg = Release|Any CPU
		{6995ABFD-720F-41E7-BE8B-38F23BA4BB57}.Publish|x86.ActiveCfg = Release|Any CPU
		{6995ABFD-720F-41E7-BE8B-38F23BA4BB57}.Release|Any CPU.ActiveCfg = Release|Any CPU
		{6995ABFD-720F-41E7-BE8B-38F23BA4BB57}.Release|Any CPU.Build.0 = Release|Any CPU
		{6995ABFD-720F-41E7-BE8B-38F23BA4BB57}.Release|ia64.ActiveCfg = Release|Any CPU
		{6995ABFD-720F-41E7-BE8B-38F23BA4BB57}.Release|Mixed Platforms.ActiveCfg = Release|Any CPU
		{6995ABFD-720F-41E7-BE8B-38F23BA4BB57}.Release|Mixed Platforms.Build.0 = Release|Any CPU
		{6995ABFD-720F-41E7-BE8B-38F23BA4BB57}.Release|x64.ActiveCfg = Release|Any CPU
		{6995ABFD-720F-41E7-BE8B-38F23BA4BB57}.Release|x86.ActiveCfg = Release|Any CPU
		{94B8682A-DAB7-45A5-B3E7-339812DCC1DE}.Debug|Any CPU.ActiveCfg = Debug|x86
		{94B8682A-DAB7-45A5-B3E7-339812DCC1DE}.Debug|ia64.ActiveCfg = Debug|x86
		{94B8682A-DAB7-45A5-B3E7-339812DCC1DE}.Debug|Mixed Platforms.ActiveCfg = Debug|x86
		{94B8682A-DAB7-45A5-B3E7-339812DCC1DE}.Debug|Mixed Platforms.Build.0 = Debug|x86
		{94B8682A-DAB7-45A5-B3E7-339812DCC1DE}.Debug|x64.ActiveCfg = Debug|x86
		{94B8682A-DAB7-45A5-B3E7-339812DCC1DE}.Debug|x86.ActiveCfg = Debug|x86
		{94B8682A-DAB7-45A5-B3E7-339812DCC1DE}.Debug|x86.Build.0 = Debug|x86
		{94B8682A-DAB7-45A5-B3E7-339812DCC1DE}.Publish|Any CPU.ActiveCfg = Release|x86
		{94B8682A-DAB7-45A5-B3E7-339812DCC1DE}.Publish|ia64.ActiveCfg = Release|x86
		{94B8682A-DAB7-45A5-B3E7-339812DCC1DE}.Publish|Mixed Platforms.ActiveCfg = Release|x86
		{94B8682A-DAB7-45A5-B3E7-339812DCC1DE}.Publish|Mixed Platforms.Build.0 = Release|x86
		{94B8682A-DAB7-45A5-B3E7-339812DCC1DE}.Publish|x64.ActiveCfg = Release|x86
		{94B8682A-DAB7-45A5-B3E7-339812DCC1DE}.Publish|x86.ActiveCfg = Release|x86
		{94B8682A-DAB7-45A5-B3E7-339812DCC1DE}.Publish|x86.Build.0 = Release|x86
		{94B8682A-DAB7-45A5-B3E7-339812DCC1DE}.Release|Any CPU.ActiveCfg = Release|x86
		{94B8682A-DAB7-45A5-B3E7-339812DCC1DE}.Release|ia64.ActiveCfg = Release|x86
		{94B8682A-DAB7-45A5-B3E7-339812DCC1DE}.Release|Mixed Platforms.ActiveCfg = Release|x86
		{94B8682A-DAB7-45A5-B3E7-339812DCC1DE}.Release|Mixed Platforms.Build.0 = Release|x86
		{94B8682A-DAB7-45A5-B3E7-339812DCC1DE}.Release|x64.ActiveCfg = Release|x86
		{94B8682A-DAB7-45A5-B3E7-339812DCC1DE}.Release|x86.ActiveCfg = Release|x86
		{94B8682A-DAB7-45A5-B3E7-339812DCC1DE}.Release|x86.Build.0 = Release|x86
		{419109DB-39AB-4A87-9224-3A79277EEDA1}.Debug|Any CPU.ActiveCfg = Debug|x86
		{419109DB-39AB-4A87-9224-3A79277EEDA1}.Debug|ia64.ActiveCfg = Debug|ia64
		{419109DB-39AB-4A87-9224-3A79277EEDA1}.Debug|ia64.Build.0 = Debug|ia64
		{419109DB-39AB-4A87-9224-3A79277EEDA1}.Debug|Mixed Platforms.ActiveCfg = Debug|x86
		{419109DB-39AB-4A87-9224-3A79277EEDA1}.Debug|Mixed Platforms.Build.0 = Debug|x86
		{419109DB-39AB-4A87-9224-3A79277EEDA1}.Debug|x64.ActiveCfg = Debug|x64
		{419109DB-39AB-4A87-9224-3A79277EEDA1}.Debug|x64.Build.0 = Debug|x64
		{419109DB-39AB-4A87-9224-3A79277EEDA1}.Debug|x86.ActiveCfg = Debug|x86
		{419109DB-39AB-4A87-9224-3A79277EEDA1}.Debug|x86.Build.0 = Debug|x86
		{419109DB-39AB-4A87-9224-3A79277EEDA1}.Publish|Any CPU.ActiveCfg = Release|x86
		{419109DB-39AB-4A87-9224-3A79277EEDA1}.Publish|ia64.ActiveCfg = Release|ia64
		{419109DB-39AB-4A87-9224-3A79277EEDA1}.Publish|ia64.Build.0 = Release|ia64
		{419109DB-39AB-4A87-9224-3A79277EEDA1}.Publish|Mixed Platforms.ActiveCfg = Release|x86
		{419109DB-39AB-4A87-9224-3A79277EEDA1}.Publish|Mixed Platforms.Build.0 = Release|x86
		{419109DB-39AB-4A87-9224-3A79277EEDA1}.Publish|x64.ActiveCfg = Release|x64
		{419109DB-39AB-4A87-9224-3A79277EEDA1}.Publish|x64.Build.0 = Release|x64
		{419109DB-39AB-4A87-9224-3A79277EEDA1}.Publish|x86.ActiveCfg = Release|x86
		{419109DB-39AB-4A87-9224-3A79277EEDA1}.Publish|x86.Build.0 = Release|x86
		{419109DB-39AB-4A87-9224-3A79277EEDA1}.Release|Any CPU.ActiveCfg = Release|x86
		{419109DB-39AB-4A87-9224-3A79277EEDA1}.Release|ia64.ActiveCfg = Release|ia64
		{419109DB-39AB-4A87-9224-3A79277EEDA1}.Release|ia64.Build.0 = Release|ia64
		{419109DB-39AB-4A87-9224-3A79277EEDA1}.Release|Mixed Platforms.ActiveCfg = Release|x86
		{419109DB-39AB-4A87-9224-3A79277EEDA1}.Release|Mixed Platforms.Build.0 = Release|x86
		{419109DB-39AB-4A87-9224-3A79277EEDA1}.Release|x64.ActiveCfg = Release|x64
		{419109DB-39AB-4A87-9224-3A79277EEDA1}.Release|x64.Build.0 = Release|x64
		{419109DB-39AB-4A87-9224-3A79277EEDA1}.Release|x86.ActiveCfg = Release|x86
		{419109DB-39AB-4A87-9224-3A79277EEDA1}.Release|x86.Build.0 = Release|x86
	EndGlobalSection
	GlobalSection(SolutionProperties) = preSolution
		HideSolutionNode = FALSE
	EndGlobalSection
EndGlobal
