
Microsoft Visual Studio Solution File, Format Version 11.00
# Visual Studio 2010
Project("{FAE04EC0-301F-11D3-BF4B-00C04F79EFBC}") = "DotCMIS", "DotCMIS\DotCMIS.csproj", "{529EF90F-A34C-4426-A4F9-65113AC23841}"
EndProject
Project("{FAE04EC0-301F-11D3-BF4B-00C04F79EFBC}") = "DotCMISUnitTest", "DotCMISUnitTest\DotCMISUnitTest.csproj", "{B4343D5F-BA78-4925-99C5-A0FFD80F862C}"
EndProject
Global
	GlobalSection(TestCaseManagementSettings) = postSolution
		CategoryFile = DotCMIS.vsmdi
	EndGlobalSection
	GlobalSection(SolutionConfigurationPlatforms) = preSolution
		Debug|Any CPU = Debug|Any CPU
		Debug|Mixed Platforms = Debug|Mixed Platforms
		Debug|x86 = Debug|x86
		Release|Any CPU = Release|Any CPU
		Release|Mixed Platforms = Release|Mixed Platforms
		Release|x86 = Release|x86
	EndGlobalSection
	GlobalSection(ProjectConfigurationPlatforms) = postSolution
		{529EF90F-A34C-4426-A4F9-65113AC23841}.Debug|Any CPU.ActiveCfg = Debug|Any CPU
		{529EF90F-A34C-4426-A4F9-65113AC23841}.Debug|Any CPU.Build.0 = Debug|Any CPU
		{529EF90F-A34C-4426-A4F9-65113AC23841}.Debug|Mixed Platforms.ActiveCfg = Debug|Any CPU
		{529EF90F-A34C-4426-A4F9-65113AC23841}.Debug|Mixed Platforms.Build.0 = Debug|Any CPU
		{529EF90F-A34C-4426-A4F9-65113AC23841}.Debug|x86.ActiveCfg = Debug|Any CPU
		{529EF90F-A34C-4426-A4F9-65113AC23841}.Release|Any CPU.ActiveCfg = Release|Any CPU
		{529EF90F-A34C-4426-A4F9-65113AC23841}.Release|Any CPU.Build.0 = Release|Any CPU
		{529EF90F-A34C-4426-A4F9-65113AC23841}.Release|Mixed Platforms.ActiveCfg = Release|Any CPU
		{529EF90F-A34C-4426-A4F9-65113AC23841}.Release|Mixed Platforms.Build.0 = Release|Any CPU
		{529EF90F-A34C-4426-A4F9-65113AC23841}.Release|x86.ActiveCfg = Release|Any CPU
		{B4343D5F-BA78-4925-99C5-A0FFD80F862C}.Debug|Any CPU.ActiveCfg = Debug|Any CPU
		{B4343D5F-BA78-4925-99C5-A0FFD80F862C}.Debug|Any CPU.Build.0 = Debug|Any CPU
		{B4343D5F-BA78-4925-99C5-A0FFD80F862C}.Debug|Mixed Platforms.ActiveCfg = Debug|Any CPU
		{B4343D5F-BA78-4925-99C5-A0FFD80F862C}.Debug|Mixed Platforms.Build.0 = Debug|Any CPU
		{B4343D5F-BA78-4925-99C5-A0FFD80F862C}.Debug|x86.ActiveCfg = Debug|Any CPU
		{B4343D5F-BA78-4925-99C5-A0FFD80F862C}.Release|Any CPU.ActiveCfg = Release|Any CPU
		{B4343D5F-BA78-4925-99C5-A0FFD80F862C}.Release|Any CPU.Build.0 = Release|Any CPU
		{B4343D5F-BA78-4925-99C5-A0FFD80F862C}.Release|Mixed Platforms.ActiveCfg = Release|Any CPU
		{B4343D5F-BA78-4925-99C5-A0FFD80F862C}.Release|Mixed Platforms.Build.0 = Release|Any CPU
		{B4343D5F-BA78-4925-99C5-A0FFD80F862C}.Release|x86.ActiveCfg = Release|Any CPU
	EndGlobalSection
	GlobalSection(SolutionProperties) = preSolution
		HideSolutionNode = FALSE
	EndGlobalSection
EndGlobal
