
Microsoft Visual Studio Solution File, Format Version 11.00
# Visual Studio 2010
Project("{FAE04EC0-301F-11D3-BF4B-00C04F79EFBC}") = "DotCMIS", "DotCMIS\DotCMIS.csproj", "{529EF90F-A34C-4426-A4F9-65113AC23841}"
EndProject
Project("{FAE04EC0-301F-11D3-BF4B-00C04F79EFBC}") = "DotCMISUnitTest", "DotCMISUnitTest\DotCMISUnitTest.csproj", "{B4343D5F-BA78-4925-99C5-A0FFD80F862C}"
EndProject
Project("{FAE04EC0-301F-11D3-BF4B-00C04F79EFBC}") = "tests.sln", "..\CmisSync\tests\tests.sln\tests.sln.csproj", "{84488555-567C-4A37-9227-A6FB3D4C2F06}"
EndProject
Project("{FAE04EC0-301F-11D3-BF4B-00C04F79EFBC}") = "tests-roman", "tests-roman\tests-roman.csproj", "{E1667153-B0A2-438B-9EAB-38878D11529C}"
EndProject
Global
	GlobalSection(SolutionConfigurationPlatforms) = preSolution
		Debug|Any CPU = Debug|Any CPU
		Debug|Mixed Platforms = Debug|Mixed Platforms
		Debug|x86 = Debug|x86
		Release|Any CPU = Release|Any CPU
		Release|Mixed Platforms = Release|Mixed Platforms
		Release|x86 = Release|x86
	EndGlobalSection
	GlobalSection(ProjectConfigurationPlatforms) = postSolution
		{529EF90F-A34C-4426-A4F9-65113AC23841}.Debug|Any CPU.ActiveCfg = Debug|Any CPU
		{529EF90F-A34C-4426-A4F9-65113AC23841}.Debug|Any CPU.Build.0 = Debug|Any CPU
		{529EF90F-A34C-4426-A4F9-65113AC23841}.Debug|Mixed Platforms.ActiveCfg = Debug|Any CPU
		{529EF90F-A34C-4426-A4F9-65113AC23841}.Debug|Mixed Platforms.Build.0 = Debug|Any CPU
		{529EF90F-A34C-4426-A4F9-65113AC23841}.Debug|x86.ActiveCfg = Debug|Any CPU
		{529EF90F-A34C-4426-A4F9-65113AC23841}.Release|Any CPU.ActiveCfg = Release|Any CPU
		{529EF90F-A34C-4426-A4F9-65113AC23841}.Release|Any CPU.Build.0 = Release|Any CPU
		{529EF90F-A34C-4426-A4F9-65113AC23841}.Release|Mixed Platforms.ActiveCfg = Release|Any CPU
		{529EF90F-A34C-4426-A4F9-65113AC23841}.Release|Mixed Platforms.Build.0 = Release|Any CPU
		{529EF90F-A34C-4426-A4F9-65113AC23841}.Release|x86.ActiveCfg = Release|Any CPU
		{84488555-567C-4A37-9227-A6FB3D4C2F06}.Debug|Any CPU.ActiveCfg = Debug|x86
		{84488555-567C-4A37-9227-A6FB3D4C2F06}.Debug|Any CPU.Build.0 = Debug|x86
		{84488555-567C-4A37-9227-A6FB3D4C2F06}.Debug|Mixed Platforms.ActiveCfg = Debug|x86
		{84488555-567C-4A37-9227-A6FB3D4C2F06}.Debug|Mixed Platforms.Build.0 = Debug|x86
		{84488555-567C-4A37-9227-A6FB3D4C2F06}.Debug|x86.ActiveCfg = Debug|x86
		{84488555-567C-4A37-9227-A6FB3D4C2F06}.Debug|x86.Build.0 = Debug|x86
		{84488555-567C-4A37-9227-A6FB3D4C2F06}.Release|Any CPU.ActiveCfg = Release|x86
		{84488555-567C-4A37-9227-A6FB3D4C2F06}.Release|Any CPU.Build.0 = Release|x86
		{84488555-567C-4A37-9227-A6FB3D4C2F06}.Release|Mixed Platforms.ActiveCfg = Release|x86
		{84488555-567C-4A37-9227-A6FB3D4C2F06}.Release|Mixed Platforms.Build.0 = Release|x86
		{84488555-567C-4A37-9227-A6FB3D4C2F06}.Release|x86.ActiveCfg = Release|x86
		{84488555-567C-4A37-9227-A6FB3D4C2F06}.Release|x86.Build.0 = Release|x86
		{B4343D5F-BA78-4925-99C5-A0FFD80F862C}.Debug|Any CPU.ActiveCfg = Debug|Any CPU
		{B4343D5F-BA78-4925-99C5-A0FFD80F862C}.Debug|Any CPU.Build.0 = Debug|Any CPU
		{B4343D5F-BA78-4925-99C5-A0FFD80F862C}.Debug|Mixed Platforms.ActiveCfg = Debug|Any CPU
		{B4343D5F-BA78-4925-99C5-A0FFD80F862C}.Debug|Mixed Platforms.Build.0 = Debug|Any CPU
		{B4343D5F-BA78-4925-99C5-A0FFD80F862C}.Debug|x86.ActiveCfg = Debug|Any CPU
		{B4343D5F-BA78-4925-99C5-A0FFD80F862C}.Release|Any CPU.ActiveCfg = Release|Any CPU
		{B4343D5F-BA78-4925-99C5-A0FFD80F862C}.Release|Any CPU.Build.0 = Release|Any CPU
		{B4343D5F-BA78-4925-99C5-A0FFD80F862C}.Release|Mixed Platforms.ActiveCfg = Release|Any CPU
		{B4343D5F-BA78-4925-99C5-A0FFD80F862C}.Release|Mixed Platforms.Build.0 = Release|Any CPU
		{B4343D5F-BA78-4925-99C5-A0FFD80F862C}.Release|x86.ActiveCfg = Release|Any CPU
		{E1667153-B0A2-438B-9EAB-38878D11529C}.Debug|Any CPU.ActiveCfg = Debug|Any CPU
		{E1667153-B0A2-438B-9EAB-38878D11529C}.Debug|Any CPU.Build.0 = Debug|Any CPU
		{E1667153-B0A2-438B-9EAB-38878D11529C}.Debug|Mixed Platforms.ActiveCfg = Debug|Any CPU
		{E1667153-B0A2-438B-9EAB-38878D11529C}.Debug|Mixed Platforms.Build.0 = Debug|Any CPU
		{E1667153-B0A2-438B-9EAB-38878D11529C}.Debug|x86.ActiveCfg = Debug|Any CPU
		{E1667153-B0A2-438B-9EAB-38878D11529C}.Debug|x86.Build.0 = Debug|Any CPU
		{E1667153-B0A2-438B-9EAB-38878D11529C}.Release|Any CPU.ActiveCfg = Release|Any CPU
		{E1667153-B0A2-438B-9EAB-38878D11529C}.Release|Any CPU.Build.0 = Release|Any CPU
		{E1667153-B0A2-438B-9EAB-38878D11529C}.Release|Mixed Platforms.ActiveCfg = Release|Any CPU
		{E1667153-B0A2-438B-9EAB-38878D11529C}.Release|Mixed Platforms.Build.0 = Release|Any CPU
		{E1667153-B0A2-438B-9EAB-38878D11529C}.Release|x86.ActiveCfg = Release|Any CPU
		{E1667153-B0A2-438B-9EAB-38878D11529C}.Release|x86.Build.0 = Release|Any CPU
	EndGlobalSection
	GlobalSection(MonoDevelopProperties) = preSolution
		StartupItem = tests-roman\tests-roman.csproj
	EndGlobalSection
	GlobalSection(TestCaseManagementSettings) = postSolution
		CategoryFile = DotCMIS.vsmdi
	EndGlobalSection
	GlobalSection(SolutionProperties) = preSolution
		HideSolutionNode = FALSE
	EndGlobalSection
EndGlobal
