Microsoft Visual Studio Solution File, Format Version 12.00
# Visual Studio Express 2013 for Windows Desktop
VisualStudioVersion = 12.0.30110.0
MinimumVisualStudioVersion = 10.0.40219.1
Project("{FAE04EC0-301F-11D3-BF4B-00C04F79EFBC}") = "CmisSync.Lib", "..\..\CmisSync.Lib\CmisSync.Lib.csproj", "{2C914413-B31C-4362-93C7-1AE34F09112A}"
EndProject
Project("{FAE04EC0-301F-11D3-BF4B-00C04F79EFBC}") = "TestLibrary", "..\TestLibrary\TestLibrary.csproj", "{295D2B18-B6EB-4EF4-9862-4E3C0C383888}"
EndProject
Project("{FAE04EC0-301F-11D3-BF4B-00C04F79EFBC}") = "TestLibraryRunner", "..\TestLibraryRunner\TestLibraryRunner.csproj", "{706E0389-CE33-4695-A830-38E961BBFDD8}"
EndProject
Project("{FAE04EC0-301F-11D3-BF4B-00C04F79EFBC}") = "log4net.vs2010", "..\..\Extras\log4net-1.2.11\src\log4net.vs2010.csproj", "{181FE707-E161-4722-9F38-6AAAB6FAA106}"
EndProject
Project("{FAE04EC0-301F-11D3-BF4B-00C04F79EFBC}") = "CmisSync.Console", "..\..\CmisSync.Console\CmisSync.Console.csproj", "{A37D5F2B-AD95-44A6-9301-7532359D1A6F}"
EndProject
Project("{FAE04EC0-301F-11D3-BF4B-00C04F79EFBC}") = "CmisSync.Auth", "..\..\CmisSync.Auth\CmisSync.Auth.csproj", "{FDB085EB-D424-434D-9C55-D31A8994F7B4}"
EndProject
Project("{FAE04EC0-301F-11D3-BF4B-00C04F79EFBC}") = "DotCMIS", "..\..\Extras\OpenDataSpaceDotCMIS\DotCMIS\DotCMIS.csproj", "{529EF90F-A34C-4426-A4F9-65113AC23841}"
EndProject
Global
	GlobalSection(SolutionConfigurationPlatforms) = preSolution
		Mac Debug|Any CPU = Mac Debug|Any CPU
		Mac Debug|Mixed Platforms = Mac Debug|Mixed Platforms
		Mac Debug|x86 = Mac Debug|x86
	EndGlobalSection
	GlobalSection(ProjectConfigurationPlatforms) = postSolution
		{2C914413-B31C-4362-93C7-1AE34F09112A}.Mac Debug|Any CPU.ActiveCfg = Mac Debug|Any CPU
		{2C914413-B31C-4362-93C7-1AE34F09112A}.Mac Debug|Any CPU.Build.0 = Mac Debug|Any CPU
		{2C914413-B31C-4362-93C7-1AE34F09112A}.Mac Debug|Mixed Platforms.ActiveCfg = Mac Debug|Any CPU
		{2C914413-B31C-4362-93C7-1AE34F09112A}.Mac Debug|Mixed Platforms.Build.0 = Mac Debug|Any CPU
		{2C914413-B31C-4362-93C7-1AE34F09112A}.Mac Debug|x86.ActiveCfg = Mac Debug|Any CPU
		{295D2B18-B6EB-4EF4-9862-4E3C0C383888}.Mac Debug|Any CPU.ActiveCfg = Mac Debug|Any CPU
		{295D2B18-B6EB-4EF4-9862-4E3C0C383888}.Mac Debug|Any CPU.Build.0 = Mac Debug|Any CPU
		{295D2B18-B6EB-4EF4-9862-4E3C0C383888}.Mac Debug|Mixed Platforms.ActiveCfg = Mac Debug|Any CPU
		{295D2B18-B6EB-4EF4-9862-4E3C0C383888}.Mac Debug|Mixed Platforms.Build.0 = Mac Debug|Any CPU
		{295D2B18-B6EB-4EF4-9862-4E3C0C383888}.Mac Debug|x86.ActiveCfg = Mac Debug|Any CPU
		{706E0389-CE33-4695-A830-38E961BBFDD8}.Mac Debug|Any CPU.ActiveCfg = Mac Debug|Any CPU
		{706E0389-CE33-4695-A830-38E961BBFDD8}.Mac Debug|Any CPU.Build.0 = Mac Debug|Any CPU
		{706E0389-CE33-4695-A830-38E961BBFDD8}.Mac Debug|Mixed Platforms.ActiveCfg = Mac Debug|x86
		{706E0389-CE33-4695-A830-38E961BBFDD8}.Mac Debug|x86.ActiveCfg = Mac Debug|x86
		{706E0389-CE33-4695-A830-38E961BBFDD8}.Mac Debug|x86.Build.0 = Mac Debug|x86
		{181FE707-E161-4722-9F38-6AAAB6FAA106}.Mac Debug|Any CPU.ActiveCfg = Mac Debug|Any CPU
		{181FE707-E161-4722-9F38-6AAAB6FAA106}.Mac Debug|Any CPU.Build.0 = Mac Debug|Any CPU
		{181FE707-E161-4722-9F38-6AAAB6FAA106}.Mac Debug|Mixed Platforms.ActiveCfg = Mac Debug|Any CPU
		{181FE707-E161-4722-9F38-6AAAB6FAA106}.Mac Debug|Mixed Platforms.Build.0 = Mac Debug|Any CPU
		{181FE707-E161-4722-9F38-6AAAB6FAA106}.Mac Debug|x86.ActiveCfg = Mac Debug|Any CPU
		{A37D5F2B-AD95-44A6-9301-7532359D1A6F}.Mac Debug|Any CPU.ActiveCfg = Mac Debug|Any CPU
		{A37D5F2B-AD95-44A6-9301-7532359D1A6F}.Mac Debug|Any CPU.Build.0 = Mac Debug|Any CPU
		{A37D5F2B-AD95-44A6-9301-7532359D1A6F}.Mac Debug|Mixed Platforms.ActiveCfg = Mac Debug|x86
		{A37D5F2B-AD95-44A6-9301-7532359D1A6F}.Mac Debug|Mixed Platforms.Build.0 = Mac Debug|x86
		{A37D5F2B-AD95-44A6-9301-7532359D1A6F}.Mac Debug|x86.ActiveCfg = Mac Debug|x86
		{FDB085EB-D424-434D-9C55-D31A8994F7B4}.Mac Debug|Any CPU.ActiveCfg = Mac Debug|Any CPU
		{FDB085EB-D424-434D-9C55-D31A8994F7B4}.Mac Debug|Any CPU.Build.0 = Mac Debug|Any CPU
		{FDB085EB-D424-434D-9C55-D31A8994F7B4}.Mac Debug|Mixed Platforms.ActiveCfg = Mac Debug|Any CPU
		{FDB085EB-D424-434D-9C55-D31A8994F7B4}.Mac Debug|Mixed Platforms.Build.0 = Mac Debug|Any CPU
		{FDB085EB-D424-434D-9C55-D31A8994F7B4}.Mac Debug|x86.ActiveCfg = Mac Debug|Any CPU
		{529EF90F-A34C-4426-A4F9-65113AC23841}.Mac Debug|Any CPU.ActiveCfg = Mac Debug|Any CPU
		{529EF90F-A34C-4426-A4F9-65113AC23841}.Mac Debug|Any CPU.Build.0 = Mac Debug|Any CPU
		{529EF90F-A34C-4426-A4F9-65113AC23841}.Mac Debug|Mixed Platforms.ActiveCfg = Mac Debug|Any CPU
		{529EF90F-A34C-4426-A4F9-65113AC23841}.Mac Debug|Mixed Platforms.Build.0 = Mac Debug|Any CPU
		{529EF90F-A34C-4426-A4F9-65113AC23841}.Mac Debug|x86.ActiveCfg = Mac Debug|Any CPU
	EndGlobalSection
	GlobalSection(SolutionProperties) = preSolution
		HideSolutionNode = FALSE
	EndGlobalSection
	GlobalSection(MonoDevelopProperties) = preSolution
		StartupItem = CmisSync.csproj
		version = 
		outputpath = bin
		name = CmisSync
	EndGlobalSection
EndGlobal
